
Microsoft Visual Studio Solution File, Format Version 12.00
# Visual Studio 2013
VisualStudioVersion = 12.0.21005.1
MinimumVisualStudioVersion = 10.0.40219.1
Project("{FAE04EC0-301F-11D3-BF4B-00C04F79EFBC}") = "JsonXml", "JsonXml\JsonXml.csproj", "{77C9B47B-D61E-4FE7-80B6-F0D1CCD20014}"
EndProject
Project("{FAE04EC0-301F-11D3-BF4B-00C04F79EFBC}") = "JsonXml.Test", "JsonXml.Test\JsonXml.Test.csproj", "{6A6A7CF1-8F00-4FE3-9E95-D0433FBE2165}"
EndProject
Project("{2150E333-8FDC-42A3-9474-1A3956D46DE8}") = ".nuget", ".nuget", "{7EE37D8D-DC49-4B2D-8045-B763AA84639F}"
	ProjectSection(SolutionItems) = preProject
		.nuget\NuGet.Config = .nuget\NuGet.Config
		.nuget\NuGet.exe = .nuget\NuGet.exe
		.nuget\NuGet.targets = .nuget\NuGet.targets
	EndProjectSection
EndProject
Global
	GlobalSection(SolutionConfigurationPlatforms) = preSolution
		Debug|Any CPU = Debug|Any CPU
		Release|Any CPU = Release|Any CPU
	EndGlobalSection
	GlobalSection(ProjectConfigurationPlatforms) = postSolution
		{77C9B47B-D61E-4FE7-80B6-F0D1CCD20014}.Debug|Any CPU.ActiveCfg = Debug|Any CPU
		{77C9B47B-D61E-4FE7-80B6-F0D1CCD20014}.Debug|Any CPU.Build.0 = Debug|Any CPU
		{77C9B47B-D61E-4FE7-80B6-F0D1CCD20014}.Release|Any CPU.ActiveCfg = Release|Any CPU
		{77C9B47B-D61E-4FE7-80B6-F0D1CCD20014}.Release|Any CPU.Build.0 = Release|Any CPU
		{6A6A7CF1-8F00-4FE3-9E95-D0433FBE2165}.Debug|Any CPU.ActiveCfg = Debug|Any CPU
		{6A6A7CF1-8F00-4FE3-9E95-D0433FBE2165}.Debug|Any CPU.Build.0 = Debug|Any CPU
		{6A6A7CF1-8F00-4FE3-9E95-D0433FBE2165}.Release|Any CPU.ActiveCfg = Release|Any CPU
		{6A6A7CF1-8F00-4FE3-9E95-D0433FBE2165}.Release|Any CPU.Build.0 = Release|Any CPU
	EndGlobalSection
	GlobalSection(SolutionProperties) = preSolution
		HideSolutionNode = FALSE
	EndGlobalSection
EndGlobal
